
Microsoft Visual Studio Solution File, Format Version 12.00
# Visual Studio Version 17
VisualStudioVersion = 17.14.36811.4 d17.14
MinimumVisualStudioVersion = 10.0.40219.1
Project("{FAE04EC0-301F-11D3-BF4B-00C04F79EFBC}") = "Tienda_electrodomesticos_MVC", "Tienda_electrodomesticos_MVC\Tienda_electrodomesticos_MVC.csproj", "{1318F7DA-3D1F-43C7-A93D-3C1B371D23DC}"
EndProject
Global
	GlobalSection(SolutionConfigurationPlatforms) = preSolution
		Debug|Any CPU = Debug|Any CPU
		Release|Any CPU = Release|Any CPU
	EndGlobalSection
	GlobalSection(ProjectConfigurationPlatforms) = postSolution
		{1318F7DA-3D1F-43C7-A93D-3C1B371D23DC}.Debug|Any CPU.ActiveCfg = Debug|Any CPU
		{1318F7DA-3D1F-43C7-A93D-3C1B371D23DC}.Debug|Any CPU.Build.0 = Debug|Any CPU
		{1318F7DA-3D1F-43C7-A93D-3C1B371D23DC}.Release|Any CPU.ActiveCfg = Release|Any CPU
		{1318F7DA-3D1F-43C7-A93D-3C1B371D23DC}.Release|Any CPU.Build.0 = Release|Any CPU
	EndGlobalSection
	GlobalSection(SolutionProperties) = preSolution
		HideSolutionNode = FALSE
	EndGlobalSection
	GlobalSection(ExtensibilityGlobals) = postSolution
		SolutionGuid = {E3D6E208-A97C-4B3D-8C21-57FC91837D75}
	EndGlobalSection
EndGlobal
